
Microsoft Visual Studio Solution File, Format Version 12.00
# Visual Studio 2013
VisualStudioVersion = 12.0.31101.0
MinimumVisualStudioVersion = 10.0.40219.1
Project("{FAE04EC0-301F-11D3-BF4B-00C04F79EFBC}") = "Twitter Sentiment API App", "Twitter Sentiment API App\Twitter Sentiment API App.csproj", "{7A6F00AB-C102-43AB-AC3D-2A5DAA49850F}"
EndProject
Global
	GlobalSection(TeamFoundationVersionControl) = preSolution
		SccNumberOfProjects = 2
		SccEnterpriseProvider = {4CA58AB2-18FA-4F8D-95D4-32DDF27D184C}
		SccTeamFoundationServer = https://martinkearn.visualstudio.com/defaultcollection
		SccLocalPath0 = .
		SccProjectUniqueName1 = Twitter\u0020Sentiment\u0020API\u0020App\\Twitter\u0020Sentiment\u0020API\u0020App.csproj
		SccProjectName1 = Twitter\u0020Sentiment\u0020API\u0020App
		SccLocalPath1 = Twitter\u0020Sentiment\u0020API\u0020App
	EndGlobalSection
	GlobalSection(SolutionConfigurationPlatforms) = preSolution
		Debug|Any CPU = Debug|Any CPU
		Release|Any CPU = Release|Any CPU
	EndGlobalSection
	GlobalSection(ProjectConfigurationPlatforms) = postSolution
		{7A6F00AB-C102-43AB-AC3D-2A5DAA49850F}.Debug|Any CPU.ActiveCfg = Debug|Any CPU
		{7A6F00AB-C102-43AB-AC3D-2A5DAA49850F}.Debug|Any CPU.Build.0 = Debug|Any CPU
		{7A6F00AB-C102-43AB-AC3D-2A5DAA49850F}.Release|Any CPU.ActiveCfg = Release|Any CPU
		{7A6F00AB-C102-43AB-AC3D-2A5DAA49850F}.Release|Any CPU.Build.0 = Release|Any CPU
	EndGlobalSection
	GlobalSection(SolutionProperties) = preSolution
		HideSolutionNode = FALSE
	EndGlobalSection
EndGlobal
